Microsoft Visual Studio Solution File, Format Version 12.00
# Visual Studio Version 17
VisualStudioVersion = 17.5.2.0
MinimumVisualStudioVersion = 10.0.40219.1
Project("{FAE04EC0-301F-11D3-BF4B-00C04F79EFBC}") = "BinhPhuocShop", "BinhPhuocShop\BinhPhuocShop.csproj", "{0B207B50-D70A-E1FC-80F6-F8F1315B7928}"
EndProject
Global
	GlobalSection(SolutionConfigurationPlatforms) = preSolution
		Debug|Any CPU = Debug|Any CPU
		Release|Any CPU = Release|Any CPU
	EndGlobalSection
	GlobalSection(ProjectConfigurationPlatforms) = postSolution
		{0B207B50-D70A-E1FC-80F6-F8F1315B7928}.Debug|Any CPU.ActiveCfg = Debug|Any CPU
		{0B207B50-D70A-E1FC-80F6-F8F1315B7928}.Debug|Any CPU.Build.0 = Debug|Any CPU
		{0B207B50-D70A-E1FC-80F6-F8F1315B7928}.Release|Any CPU.ActiveCfg = Release|Any CPU
		{0B207B50-D70A-E1FC-80F6-F8F1315B7928}.Release|Any CPU.Build.0 = Release|Any CPU
	EndGlobalSection
	GlobalSection(SolutionProperties) = preSolution
		HideSolutionNode = FALSE
	EndGlobalSection
	GlobalSection(ExtensibilityGlobals) = postSolution
		SolutionGuid = {65A1E4D7-0CD1-49C8-B71B-AA76E69D3908}
	EndGlobalSection
EndGlobal
